
Microsoft Visual Studio Solution File, Format Version 12.00
# Visual Studio Version 16
VisualStudioVersion = 16.0.29123.88
MinimumVisualStudioVersion = 10.0.40219.1
Project("{FAE04EC0-301F-11D3-BF4B-00C04F79EFBC}") = "NoExesDumpParse", "NoExesDumpParse\NoExesDumpParse.csproj", "{65E14B01-7265-47EB-A785-8236C534F8BA}"
EndProject
Global
	GlobalSection(SolutionConfigurationPlatforms) = preSolution
		Debug|Any CPU = Debug|Any CPU
		Release|Any CPU = Release|Any CPU
	EndGlobalSection
	GlobalSection(ProjectConfigurationPlatforms) = postSolution
		{65E14B01-7265-47EB-A785-8236C534F8BA}.Debug|Any CPU.ActiveCfg = Debug|Any CPU
		{65E14B01-7265-47EB-A785-8236C534F8BA}.Debug|Any CPU.Build.0 = Debug|Any CPU
		{65E14B01-7265-47EB-A785-8236C534F8BA}.Release|Any CPU.ActiveCfg = Release|Any CPU
		{65E14B01-7265-47EB-A785-8236C534F8BA}.Release|Any CPU.Build.0 = Release|Any CPU
	EndGlobalSection
	GlobalSection(SolutionProperties) = preSolution
		HideSolutionNode = FALSE
	EndGlobalSection
	GlobalSection(ExtensibilityGlobals) = postSolution
		SolutionGuid = {CA9B9FB7-B1B6-4B93-9D38-C460D0C91838}
	EndGlobalSection
EndGlobal
